
Microsoft Visual Studio Solution File, Format Version 12.00
# Visual Studio Version 17
VisualStudioVersion = 17.0.31903.59
MinimumVisualStudioVersion = 10.0.40219.1
Project("{2150E333-8FDC-42A3-9474-1A3956D46DE8}") = "backend", "backend", "{3B55E47E-C9FC-4058-BCB4-48F4A3113A1F}"
EndProject
Project("{FAE04EC0-301F-11D3-BF4B-00C04F79EFBC}") = "Inventory.Api", "backend\Inventory.Api\Inventory.Api.csproj", "{73BC793E-4ED4-4B57-9891-98F9AD5819CA}"
EndProject
Project("{FAE04EC0-301F-11D3-BF4B-00C04F79EFBC}") = "Billing.Api", "backend\Billing.Api\Billing.Api.csproj", "{07853518-D439-4E5A-A1FC-12369507D793}"
EndProject
Project("{FAE04EC0-301F-11D3-BF4B-00C04F79EFBC}") = "Inventory.Api.Tests", "tests\Inventory.Api.Tests\Inventory.Api.Tests.csproj", "{9B59F18B-C2A3-42FD-BE79-252B49E4F21B}"
EndProject
Project("{FAE04EC0-301F-11D3-BF4B-00C04F79EFBC}") = "Billing.Api.Tests", "tests\Billing.Api.Tests\Billing.Api.Tests.csproj", "{BA8BC576-6D61-47B9-A24F-A506F1B46D2F}"
EndProject
Global
	GlobalSection(SolutionConfigurationPlatforms) = preSolution
		Debug|Any CPU = Debug|Any CPU
		Release|Any CPU = Release|Any CPU
	EndGlobalSection
	GlobalSection(SolutionProperties) = preSolution
		HideSolutionNode = FALSE
	EndGlobalSection
	GlobalSection(ProjectConfigurationPlatforms) = postSolution
		{73BC793E-4ED4-4B57-9891-98F9AD5819CA}.Debug|Any CPU.ActiveCfg = Debug|Any CPU
		{73BC793E-4ED4-4B57-9891-98F9AD5819CA}.Debug|Any CPU.Build.0 = Debug|Any CPU
		{73BC793E-4ED4-4B57-9891-98F9AD5819CA}.Release|Any CPU.ActiveCfg = Release|Any CPU
		{73BC793E-4ED4-4B57-9891-98F9AD5819CA}.Release|Any CPU.Build.0 = Release|Any CPU
		{07853518-D439-4E5A-A1FC-12369507D793}.Debug|Any CPU.ActiveCfg = Debug|Any CPU
		{07853518-D439-4E5A-A1FC-12369507D793}.Debug|Any CPU.Build.0 = Debug|Any CPU
		{07853518-D439-4E5A-A1FC-12369507D793}.Release|Any CPU.ActiveCfg = Release|Any CPU
		{07853518-D439-4E5A-A1FC-12369507D793}.Release|Any CPU.Build.0 = Release|Any CPU
		{9B59F18B-C2A3-42FD-BE79-252B49E4F21B}.Debug|Any CPU.ActiveCfg = Debug|Any CPU
		{9B59F18B-C2A3-42FD-BE79-252B49E4F21B}.Debug|Any CPU.Build.0 = Debug|Any CPU
		{9B59F18B-C2A3-42FD-BE79-252B49E4F21B}.Release|Any CPU.ActiveCfg = Release|Any CPU
		{9B59F18B-C2A3-42FD-BE79-252B49E4F21B}.Release|Any CPU.Build.0 = Release|Any CPU
		{BA8BC576-6D61-47B9-A24F-A506F1B46D2F}.Debug|Any CPU.ActiveCfg = Debug|Any CPU
		{BA8BC576-6D61-47B9-A24F-A506F1B46D2F}.Debug|Any CPU.Build.0 = Debug|Any CPU
		{BA8BC576-6D61-47B9-A24F-A506F1B46D2F}.Release|Any CPU.ActiveCfg = Release|Any CPU
		{BA8BC576-6D61-47B9-A24F-A506F1B46D2F}.Release|Any CPU.Build.0 = Release|Any CPU
	EndGlobalSection
	GlobalSection(NestedProjects) = preSolution
		{73BC793E-4ED4-4B57-9891-98F9AD5819CA} = {3B55E47E-C9FC-4058-BCB4-48F4A3113A1F}
		{07853518-D439-4E5A-A1FC-12369507D793} = {3B55E47E-C9FC-4058-BCB4-48F4A3113A1F}
		{9B59F18B-C2A3-42FD-BE79-252B49E4F21B} = {3B55E47E-C9FC-4058-BCB4-48F4A3113A1F}
		{BA8BC576-6D61-47B9-A24F-A506F1B46D2F} = {3B55E47E-C9FC-4058-BCB4-48F4A3113A1F}
	EndGlobalSection
EndGlobal
